schema: '2.0'
stages:
  data_ingestion:
    cmd: python src/cnnClassifier/pipeline/stage_01_data_ingestion.py
    deps:
    - path: config/config.yaml
      hash: md5
      md5: 811f07e87a6edc049753dd502ecbbd0a
      size: 791
    - path: src/cnnClassifier/pipeline/stage_01_data_ingestion.py
      hash: md5
      md5: c599be7ffa847b2836490dacfe50137a
      size: 855
    outs:
    - path: artifacts/data_ingestion/kidney_ct_scan
      hash: md5
      md5: 37515bb11b289cf75a2f07c53c8cceb9.dir
      size: 961115981
      nfiles: 7360
  prepare_base_model:
    cmd: python src/cnnClassifier/pipeline/stage_02_prepare_base_model.py
    deps:
    - path: config/config.yaml
      hash: md5
      md5: 811f07e87a6edc049753dd502ecbbd0a
      size: 791
    - path: src/cnnClassifier/pipeline/stage_02_prepare_base_model.py
      hash: md5
      md5: 4d8b0a72288ddcf7afcbe369d6018dd4
      size: 898
    params:
      params.yaml:
        CLASSES: 2
        IMAGE_SIZE:
        - 224
        - 224
        - 3
        INCLUDE_TOP: false
        LEARNING_RATE: 0.01
        WEIGHTS: imagenet
    outs:
    - path: artifacts/prepare_base_model
      hash: md5
      md5: bc8c9aea64bfc94fe176b8aefb8078d9.dir
      size: 118054560
      nfiles: 2
